lockfileVersion: '9.0'

importers:
  .:
    dependencies:
      '@infra/ui':
        specifier: https://codeload.github.com/nos-tromo/infra-ui/tar.gz/8aa11795e48765a5e8cce84c21b6138ebdce8fa8
        version: https://codeload.github.com/nos-tromo/infra-ui/tar.gz/8aa11795e48765a5e8cce84c21b6138ebdce8fa8(react@19.0.0)

packages:
  '@infra/ui@https://codeload.github.com/nos-tromo/infra-ui/tar.gz/8aa11795e48765a5e8cce84c21b6138ebdce8fa8':
    resolution: {tarball: https://codeload.github.com/nos-tromo/infra-ui/tar.gz/8aa11795e48765a5e8cce84c21b6138ebdce8fa8}
    version: 0.10.0
